<?xml version="1.0" encoding="UTF-8" standalone="yes" ?>
<CodeBlocks_project_file>
	<FileVersion major="1" minor="6" />
	<Project>
		<Option title="MissClock" />
		<Option compiler="gcc" />
		<Build>
			<Target title="Debug">
				<Option output="..\bin\Debug\MissClock" prefix_auto="1" extension_auto="1" />
				<Option object_output="obj\Debug\" />
				<Option type="1" />
				<Option compiler="gcc" />
				<Option use_console_runner="0" />
				<Option projectLinkerOptionsRelation="2" />
				<Compiler>
					<Add option="-Wall" />
					<Add option="-g" />
					<Add option="-D__WXDEBUG__" />
					<Add directory="$(#wx)\lib\gcc_dll\mswu" />
				</Compiler>
				<ResourceCompiler>
					<Add directory="$(#wx)\lib\gcc_dll\mswu" />
				</ResourceCompiler>
				<Linker>
					<Add library="libwxmsw28ud_core.a" />
					<Add library="libwxbase28ud.a" />
					<Add library="libwxpngd.a" />
					<Add library="libwxzlibd.a" />
					<Add library="libwxmsw28ud_adv.a" />
					<Add library="libtinyxml.a" />
					<Add library="libwxcode_msw28ud_wxsqlite3.a" />
					<Add directory="$(#wx)\lib\gcc_dll" />
				</Linker>
			</Target>
			<Target title="Release">
				<Option output="..\bin\Release\MissClock" prefix_auto="1" extension_auto="1" />
				<Option object_output="obj\Release\" />
				<Option type="0" />
				<Option compiler="gcc" />
				<Option projectLinkerOptionsRelation="2" />
				<Compiler>
					<Add option="-O3" />
					<Add directory="$(#wx)\lib\gcc_dll\mswu" />
				</Compiler>
				<ResourceCompiler>
					<Add directory="$(#wx)\lib\gcc_dll\mswu" />
				</ResourceCompiler>
				<Linker>
					<Add option="-s" />
					<Add library="libwxmsw28u_core.a" />
					<Add library="libwxbase28u.a" />
					<Add library="libwxpng.a" />
					<Add library="libwxzlib.a" />
					<Add library="libwxmsw28u_adv.a" />
					<Add library="libtinyxml.a" />
					<Add library="libwxcode_msw28u_wxsqlite3.a" />
					<Add directory="$(#wx)\lib\gcc_dll" />
				</Linker>
			</Target>
		</Build>
		<Compiler>
			<Add option="-Wall" />
			<Add option="-pipe" />
			<Add option="-mthreads" />
			<Add option='[[if (PLATFORM == PLATFORM_MSW &amp;&amp; (GetCompilerFactory().GetCompilerVersionString(_T(&quot;gcc&quot;)) &gt;= _T(&quot;4.0.0&quot;))) print(_T(&quot;-Wno-attributes&quot;));]]' />
			<Add option="-Winvalid-pch" />
			<Add option='-include &quot;StdAfx.h&quot;' />
			<Add option="-D__GNUWIN32__" />
			<Add option="-D__WXMSW__" />
			<Add option="-DWXUSINGDLL" />
			<Add option="-DwxUSE_UNICODE" />
			<Add directory="$(#wx)\include" />
			<Add directory="$(#wx)\contrib\include" />
			<Add directory="$(#boost)" />
			<Add directory="$(#miss)\hpp" />
			<Add directory="$(#tinyxml)\include" />
			<Add directory="$(#wxsqlite3)\include" />
		</Compiler>
		<ResourceCompiler>
			<Add directory="$(#wx)\include" />
		</ResourceCompiler>
		<Linker>
			<Add option="-mthreads" />
			<Add library="libgdi32.a" />
			<Add directory="$(#tinyxml)\lib" />
			<Add directory="$(#wxsqlite3)\lib\gcc_dll" />
		</Linker>
		<Unit filename="Common\MissFrame.cpp" />
		<Unit filename="Common\MissFrame.h" />
		<Unit filename="Common\MissGlobal.cpp" />
		<Unit filename="Common\MissGlobal.h" />
		<Unit filename="Common\MissToolBook.cpp" />
		<Unit filename="Common\MissToolBook.h" />
		<Unit filename="Common\MissTools.cpp" />
		<Unit filename="Common\MissTools.h" />
		<Unit filename="Data\MissConfig.cpp" />
		<Unit filename="Data\MissConfig.h" />
		<Unit filename="Data\MissDBL.cpp" />
		<Unit filename="Data\MissDBL.h" />
		<Unit filename="Data\MissRemindSkin.cpp" />
		<Unit filename="Data\MissRemindSkin.h" />
		<Unit filename="Data\MissRes.cpp" />
		<Unit filename="Data\MissRes.h" />
		<Unit filename="Data\MissSkin.cpp" />
		<Unit filename="Data\MissSkin.h" />
		<Unit filename="Data\MissWxSQLite3.cpp" />
		<Unit filename="Data\MissWxSQLite3.h" />
		<Unit filename="Data\MissXML.cpp" />
		<Unit filename="Data\MissXML.h" />
		<Unit filename="Generated\GUIFrame.cpp" />
		<Unit filename="Generated\GUIFrame.h" />
		<Unit filename="Main\MissClockApp.cpp" />
		<Unit filename="Main\MissClockApp.h" />
		<Unit filename="Main\MissClockMain.cpp" />
		<Unit filename="Main\MissClockMain.h" />
		<Unit filename="Main\MissOption.cpp" />
		<Unit filename="Main\MissOption.h" />
		<Unit filename="Main\MissRemind.cpp" />
		<Unit filename="Main\MissRemind.h" />
		<Unit filename="Main\MissSetDTFormat.cpp" />
		<Unit filename="Main\MissSetDTFormat.h" />
		<Unit filename="Main\MissSetTimer.cpp" />
		<Unit filename="Main\MissSetTimer.h" />
		<Unit filename="Main\MissSetWeekDay.cpp" />
		<Unit filename="Main\MissSetWeekDay.h" />
		<Unit filename="Main\MissSoundThread.cpp" />
		<Unit filename="Main\MissSoundThread.h" />
		<Unit filename="Main\MissTaskBarIcon.cpp" />
		<Unit filename="Main\MissTaskBarIcon.h" />
		<Unit filename="Main\MissTheme.cpp" />
		<Unit filename="Main\MissTheme.h" />
		<Unit filename="StdAfx.h">
			<Option compile="1" />
			<Option weight="0" />
		</Unit>
		<Unit filename="WxWizFrame.fbp" />
		<Unit filename="resource.rc">
			<Option compilerVar="WINDRES" />
		</Unit>
		<Extensions>
			<code_completion />
			<envvars />
			<debugger />
			<lib_finder disable_auto="1" />
			<DoxyBlocks>
				<comment_style block="0" line="0" />
				<doxyfile_project output_language="Chinese" />
				<doxyfile_build />
				<doxyfile_warnings />
				<doxyfile_output />
				<doxyfile_dot />
				<general />
			</DoxyBlocks>
		</Extensions>
	</Project>
</CodeBlocks_project_file>
